
Microsoft Visual Studio Solution File, Format Version 12.00
# Visual Studio Version 17
VisualStudioVersion = 17.4.33122.133
MinimumVisualStudioVersion = 10.0.40219.1
Project("{FAE04EC0-301F-11D3-BF4B-00C04F79EFBC}") = "KYK.WebApp", "KYK.WebApp\KYK.WebApp.csproj", "{38557883-602E-4EF6-A832-134F4D332CBC}"
EndProject
Global
	GlobalSection(SolutionConfigurationPlatforms) = preSolution
		Debug|Any CPU = Debug|Any CPU
		Release|Any CPU = Release|Any CPU
	EndGlobalSection
	GlobalSection(ProjectConfigurationPlatforms) = postSolution
		{38557883-602E-4EF6-A832-134F4D332CBC}.Debug|Any CPU.ActiveCfg = Debug|Any CPU
		{38557883-602E-4EF6-A832-134F4D332CBC}.Debug|Any CPU.Build.0 = Debug|Any CPU
		{38557883-602E-4EF6-A832-134F4D332CBC}.Release|Any CPU.ActiveCfg = Release|Any CPU
		{38557883-602E-4EF6-A832-134F4D332CBC}.Release|Any CPU.Build.0 = Release|Any CPU
	EndGlobalSection
	GlobalSection(SolutionProperties) = preSolution
		HideSolutionNode = FALSE
	EndGlobalSection
	GlobalSection(ExtensibilityGlobals) = postSolution
		SolutionGuid = {44B0E569-3633-425F-BA4D-8A3CD62C28BB}
	EndGlobalSection
EndGlobal
