
Microsoft Visual Studio Solution File, Format Version 12.00
# Visual Studio Version 17
VisualStudioVersion = 17.4.33122.133
MinimumVisualStudioVersion = 10.0.40219.1
Project("{FAE04EC0-301F-11D3-BF4B-00C04F79EFBC}") = "KYK", "KYK\KYK.csproj", "{DA920BD9-C346-4E02-A10D-A069D2FF5EF6}"
EndProject
Global
	GlobalSection(SolutionConfigurationPlatforms) = preSolution
		Debug|Any CPU = Debug|Any CPU
		Release|Any CPU = Release|Any CPU
	EndGlobalSection
	GlobalSection(ProjectConfigurationPlatforms) = postSolution
		{DA920BD9-C346-4E02-A10D-A069D2FF5EF6}.Debug|Any CPU.ActiveCfg = Debug|Any CPU
		{DA920BD9-C346-4E02-A10D-A069D2FF5EF6}.Debug|Any CPU.Build.0 = Debug|Any CPU
		{DA920BD9-C346-4E02-A10D-A069D2FF5EF6}.Release|Any CPU.ActiveCfg = Release|Any CPU
		{DA920BD9-C346-4E02-A10D-A069D2FF5EF6}.Release|Any CPU.Build.0 = Release|Any CPU
	EndGlobalSection
	GlobalSection(SolutionProperties) = preSolution
		HideSolutionNode = FALSE
	EndGlobalSection
	GlobalSection(ExtensibilityGlobals) = postSolution
		SolutionGuid = {D1101D28-912E-4D15-BFB5-84D82EA51D2B}
	EndGlobalSection
EndGlobal
